
Microsoft Visual Studio Solution File, Format Version 12.00
# Visual Studio Version 17
VisualStudioVersion = 17.1.32328.378
MinimumVisualStudioVersion = 10.0.40219.1
Project("{9A19103F-16F7-4668-BE54-9A1E7A4F7556}") = "Otomation", "Otomation.csproj", "{10DD3E67-4C4B-45EE-BA93-A5D08FF51954}"
EndProject
Global
	GlobalSection(SolutionConfigurationPlatforms) = preSolution
		Debug|Any CPU = Debug|Any CPU
		Release|Any CPU = Release|Any CPU
	EndGlobalSection
	GlobalSection(ProjectConfigurationPlatforms) = postSolution
		{10DD3E67-4C4B-45EE-BA93-A5D08FF51954}.Debug|Any CPU.ActiveCfg = Debug|Any CPU
		{10DD3E67-4C4B-45EE-BA93-A5D08FF51954}.Debug|Any CPU.Build.0 = Debug|Any CPU
		{10DD3E67-4C4B-45EE-BA93-A5D08FF51954}.Release|Any CPU.ActiveCfg = Release|Any CPU
		{10DD3E67-4C4B-45EE-BA93-A5D08FF51954}.Release|Any CPU.Build.0 = Release|Any CPU
	EndGlobalSection
	GlobalSection(SolutionProperties) = preSolution
		HideSolutionNode = FALSE
	EndGlobalSection
	GlobalSection(ExtensibilityGlobals) = postSolution
		SolutionGuid = {4E693E17-11B2-454A-A310-FC740AF45A91}
	EndGlobalSection
EndGlobal
